
Microsoft Visual Studio Solution File, Format Version 12.00
# Visual Studio Version 16
VisualStudioVersion = 16.0.30114.105
MinimumVisualStudioVersion = 10.0.40219.1
Project("{FAE04EC0-301F-11D3-BF4B-00C04F79EFBC}") = "BinauralBeatsv1", "BinauralBeatsv1.csproj", "{04CE130B-2ED2-4102-B4B8-10A37A267619}"
EndProject
Global
	GlobalSection(SolutionConfigurationPlatforms) = preSolution
		Debug|Any CPU = Debug|Any CPU
		Release|Any CPU = Release|Any CPU
	EndGlobalSection
	GlobalSection(ProjectConfigurationPlatforms) = postSolution
		{04CE130B-2ED2-4102-B4B8-10A37A267619}.Debug|Any CPU.ActiveCfg = Debug|Any CPU
		{04CE130B-2ED2-4102-B4B8-10A37A267619}.Debug|Any CPU.Build.0 = Debug|Any CPU
		{04CE130B-2ED2-4102-B4B8-10A37A267619}.Release|Any CPU.ActiveCfg = Release|Any CPU
		{04CE130B-2ED2-4102-B4B8-10A37A267619}.Release|Any CPU.Build.0 = Release|Any CPU
	EndGlobalSection
	GlobalSection(SolutionProperties) = preSolution
		HideSolutionNode = FALSE
	EndGlobalSection
	GlobalSection(ExtensibilityGlobals) = postSolution
		SolutionGuid = {0EC4DFC9-6840-4726-88A6-D4E1A9A56E24}
	EndGlobalSection
EndGlobal
